
Microsoft Visual Studio Solution File, Format Version 12.00
# Visual Studio Version 17
VisualStudioVersion = 17.14.36203.30 d17.14
MinimumVisualStudioVersion = 10.0.40219.1
Project("{FAE04EC0-301F-11D3-BF4B-00C04F79EFBC}") = "AffalitePL", "AffalitePL\AffalitePL.csproj", "{BD05BEBD-3693-4C4C-81BA-972E9712DAF5}"
EndProject
Project("{FAE04EC0-301F-11D3-BF4B-00C04F79EFBC}") = "AffaliteBL", "AffaliteBL\AffaliteBL.csproj", "{7384463A-2890-4616-BB72-98779635AA3D}"
EndProject
Project("{FAE04EC0-301F-11D3-BF4B-00C04F79EFBC}") = "AffaliteDAL", "AffaliteDAL\AffaliteDAL.csproj", "{7DA34A58-C1F8-4B2C-88FD-D455F9196D71}"
EndProject
Global
	GlobalSection(SolutionConfigurationPlatforms) = preSolution
		Debug|Any CPU = Debug|Any CPU
		Release|Any CPU = Release|Any CPU
	EndGlobalSection
	GlobalSection(ProjectConfigurationPlatforms) = postSolution
		{BD05BEBD-3693-4C4C-81BA-972E9712DAF5}.Debug|Any CPU.ActiveCfg = Debug|Any CPU
		{BD05BEBD-3693-4C4C-81BA-972E9712DAF5}.Debug|Any CPU.Build.0 = Debug|Any CPU
		{BD05BEBD-3693-4C4C-81BA-972E9712DAF5}.Release|Any CPU.ActiveCfg = Release|Any CPU
		{BD05BEBD-3693-4C4C-81BA-972E9712DAF5}.Release|Any CPU.Build.0 = Release|Any CPU
		{7384463A-2890-4616-BB72-98779635AA3D}.Debug|Any CPU.ActiveCfg = Debug|Any CPU
		{7384463A-2890-4616-BB72-98779635AA3D}.Debug|Any CPU.Build.0 = Debug|Any CPU
		{7384463A-2890-4616-BB72-98779635AA3D}.Release|Any CPU.ActiveCfg = Release|Any CPU
		{7384463A-2890-4616-BB72-98779635AA3D}.Release|Any CPU.Build.0 = Release|Any CPU
		{7DA34A58-C1F8-4B2C-88FD-D455F9196D71}.Debug|Any CPU.ActiveCfg = Debug|Any CPU
		{7DA34A58-C1F8-4B2C-88FD-D455F9196D71}.Debug|Any CPU.Build.0 = Debug|Any CPU
		{7DA34A58-C1F8-4B2C-88FD-D455F9196D71}.Release|Any CPU.ActiveCfg = Release|Any CPU
		{7DA34A58-C1F8-4B2C-88FD-D455F9196D71}.Release|Any CPU.Build.0 = Release|Any CPU
	EndGlobalSection
	GlobalSection(SolutionProperties) = preSolution
		HideSolutionNode = FALSE
	EndGlobalSection
	GlobalSection(ExtensibilityGlobals) = postSolution
		SolutionGuid = {6E614687-375F-4A97-BBA1-3DE4BE21A984}
	EndGlobalSection
EndGlobal
